
Microsoft Visual Studio Solution File, Format Version 12.00
# Visual Studio Version 16
VisualStudioVersion = 16.0.31424.327
MinimumVisualStudioVersion = 10.0.40219.1
Project("{FAE04EC0-301F-11D3-BF4B-00C04F79EFBC}") = "SmallerThanCurrentNumber_1365", "SmallerThanCurrentNumber_1365\SmallerThanCurrentNumber_1365.csproj", "{F1D0530A-A677-408C-9236-E1615B75155E}"
EndProject
Global
	GlobalSection(SolutionConfigurationPlatforms) = preSolution
		Debug|Any CPU = Debug|Any CPU
		Release|Any CPU = Release|Any CPU
	EndGlobalSection
	GlobalSection(ProjectConfigurationPlatforms) = postSolution
		{F1D0530A-A677-408C-9236-E1615B75155E}.Debug|Any CPU.ActiveCfg = Debug|Any CPU
		{F1D0530A-A677-408C-9236-E1615B75155E}.Debug|Any CPU.Build.0 = Debug|Any CPU
		{F1D0530A-A677-408C-9236-E1615B75155E}.Release|Any CPU.ActiveCfg = Release|Any CPU
		{F1D0530A-A677-408C-9236-E1615B75155E}.Release|Any CPU.Build.0 = Release|Any CPU
	EndGlobalSection
	GlobalSection(SolutionProperties) = preSolution
		HideSolutionNode = FALSE
	EndGlobalSection
	GlobalSection(ExtensibilityGlobals) = postSolution
		SolutionGuid = {6B05F2E4-C39A-49CC-ADE0-247B8E82AA39}
	EndGlobalSection
EndGlobal
